
Microsoft Visual Studio Solution File, Format Version 12.00
# Visual Studio Version 17
VisualStudioVersion = 17.0.31717.71
MinimumVisualStudioVersion = 10.0.40219.1
Project("{FAE04EC0-301F-11D3-BF4B-00C04F79EFBC}") = "FieldApp.UWP", "FieldApp\FieldApp.UWP\FieldApp.UWP.csproj", "{285B80B0-1B20-4C47-836B-61D5A6B4321F}"
EndProject
Project("{FAE04EC0-301F-11D3-BF4B-00C04F79EFBC}") = "FieldApp.Android", "FieldApp\FieldApp.Android\FieldApp.Android.csproj", "{5D6781E1-FBCF-4A20-98C7-A23C7BF3DA22}"
EndProject
Project("{FAE04EC0-301F-11D3-BF4B-00C04F79EFBC}") = "FieldApp.iOS", "FieldApp\FieldApp.iOS\FieldApp.iOS.csproj", "{1BCCFDA9-3671-4A12-A6B8-4829F5785D2F}"
EndProject
Project("{FAE04EC0-301F-11D3-BF4B-00C04F79EFBC}") = "FieldApp", "FieldApp\FieldApp\FieldApp.csproj", "{38F05FA5-6933-4999-B3FA-ADC11E1BF95D}"
EndProject
Global
	GlobalSection(SolutionConfigurationPlatforms) = preSolution
		Debug|Any CPU = Debug|Any CPU
		Debug|ARM = Debug|ARM
		Debug|iPhone = Debug|iPhone
		Debug|iPhoneSimulator = Debug|iPhoneSimulator
		Debug|x64 = Debug|x64
		Debug|x86 = Debug|x86
		Release|Any CPU = Release|Any CPU
		Release|ARM = Release|ARM
		Release|iPhone = Release|iPhone
		Release|iPhoneSimulator = Release|iPhoneSimulator
		Release|x64 = Release|x64
		Release|x86 = Release|x86
	EndGlobalSection
	GlobalSection(ProjectConfigurationPlatforms) = postSolution
		{285B80B0-1B20-4C47-836B-61D5A6B4321F}.Debug|Any CPU.ActiveCfg = Debug|x86
		{285B80B0-1B20-4C47-836B-61D5A6B4321F}.Debug|Any CPU.Build.0 = Debug|x86
		{285B80B0-1B20-4C47-836B-61D5A6B4321F}.Debug|Any CPU.Deploy.0 = Debug|x86
		{285B80B0-1B20-4C47-836B-61D5A6B4321F}.Debug|ARM.ActiveCfg = Debug|ARM
		{285B80B0-1B20-4C47-836B-61D5A6B4321F}.Debug|ARM.Build.0 = Debug|ARM
		{285B80B0-1B20-4C47-836B-61D5A6B4321F}.Debug|ARM.Deploy.0 = Debug|ARM
		{285B80B0-1B20-4C47-836B-61D5A6B4321F}.Debug|iPhone.ActiveCfg = Debug|x86
		{285B80B0-1B20-4C47-836B-61D5A6B4321F}.Debug|iPhone.Build.0 = Debug|x86
		{285B80B0-1B20-4C47-836B-61D5A6B4321F}.Debug|iPhone.Deploy.0 = Debug|x86
		{285B80B0-1B20-4C47-836B-61D5A6B4321F}.Debug|iPhoneSimulator.ActiveCfg = Debug|x86
		{285B80B0-1B20-4C47-836B-61D5A6B4321F}.Debug|iPhoneSimulator.Build.0 = Debug|x86
		{285B80B0-1B20-4C47-836B-61D5A6B4321F}.Debug|iPhoneSimulator.Deploy.0 = Debug|x86
		{285B80B0-1B20-4C47-836B-61D5A6B4321F}.Debug|x64.ActiveCfg = Debug|x64
		{285B80B0-1B20-4C47-836B-61D5A6B4321F}.Debug|x64.Build.0 = Debug|x64
		{285B80B0-1B20-4C47-836B-61D5A6B4321F}.Debug|x64.Deploy.0 = Debug|x64
		{285B80B0-1B20-4C47-836B-61D5A6B4321F}.Debug|x86.ActiveCfg = Debug|x86
		{285B80B0-1B20-4C47-836B-61D5A6B4321F}.Debug|x86.Build.0 = Debug|x86
		{285B80B0-1B20-4C47-836B-61D5A6B4321F}.Debug|x86.Deploy.0 = Debug|x86
		{285B80B0-1B20-4C47-836B-61D5A6B4321F}.Release|Any CPU.ActiveCfg = Release|x86
		{285B80B0-1B20-4C47-836B-61D5A6B4321F}.Release|Any CPU.Build.0 = Release|x86
		{285B80B0-1B20-4C47-836B-61D5A6B4321F}.Release|Any CPU.Deploy.0 = Release|x86
		{285B80B0-1B20-4C47-836B-61D5A6B4321F}.Release|ARM.ActiveCfg = Release|ARM
		{285B80B0-1B20-4C47-836B-61D5A6B4321F}.Release|ARM.Build.0 = Release|ARM
		{285B80B0-1B20-4C47-836B-61D5A6B4321F}.Release|ARM.Deploy.0 = Release|ARM
		{285B80B0-1B20-4C47-836B-61D5A6B4321F}.Release|iPhone.ActiveCfg = Release|x86
		{285B80B0-1B20-4C47-836B-61D5A6B4321F}.Release|iPhone.Build.0 = Release|x86
		{285B80B0-1B20-4C47-836B-61D5A6B4321F}.Release|iPhone.Deploy.0 = Release|x86
		{285B80B0-1B20-4C47-836B-61D5A6B4321F}.Release|iPhoneSimulator.ActiveCfg = Release|x86
		{285B80B0-1B20-4C47-836B-61D5A6B4321F}.Release|iPhoneSimulator.Build.0 = Release|x86
		{285B80B0-1B20-4C47-836B-61D5A6B4321F}.Release|iPhoneSimulator.Deploy.0 = Release|x86
		{285B80B0-1B20-4C47-836B-61D5A6B4321F}.Release|x64.ActiveCfg = Release|x64
		{285B80B0-1B20-4C47-836B-61D5A6B4321F}.Release|x64.Build.0 = Release|x64
		{285B80B0-1B20-4C47-836B-61D5A6B4321F}.Release|x64.Deploy.0 = Release|x64
		{285B80B0-1B20-4C47-836B-61D5A6B4321F}.Release|x86.ActiveCfg = Release|x86
		{285B80B0-1B20-4C47-836B-61D5A6B4321F}.Release|x86.Build.0 = Release|x86
		{285B80B0-1B20-4C47-836B-61D5A6B4321F}.Release|x86.Deploy.0 = Release|x86
		{5D6781E1-FBCF-4A20-98C7-A23C7BF3DA22}.Debug|Any CPU.ActiveCfg = Debug|Any CPU
		{5D6781E1-FBCF-4A20-98C7-A23C7BF3DA22}.Debug|Any CPU.Build.0 = Debug|Any CPU
		{5D6781E1-FBCF-4A20-98C7-A23C7BF3DA22}.Debug|Any CPU.Deploy.0 = Debug|Any CPU
		{5D6781E1-FBCF-4A20-98C7-A23C7BF3DA22}.Debug|ARM.ActiveCfg = Debug|Any CPU
		{5D6781E1-FBCF-4A20-98C7-A23C7BF3DA22}.Debug|ARM.Build.0 = Debug|Any CPU
		{5D6781E1-FBCF-4A20-98C7-A23C7BF3DA22}.Debug|ARM.Deploy.0 = Debug|Any CPU
		{5D6781E1-FBCF-4A20-98C7-A23C7BF3DA22}.Debug|iPhone.ActiveCfg = Debug|Any CPU
		{5D6781E1-FBCF-4A20-98C7-A23C7BF3DA22}.Debug|iPhone.Build.0 = Debug|Any CPU
		{5D6781E1-FBCF-4A20-98C7-A23C7BF3DA22}.Debug|iPhone.Deploy.0 = Debug|Any CPU
		{5D6781E1-FBCF-4A20-98C7-A23C7BF3DA22}.Debug|iPhoneSimulator.ActiveCfg = Debug|Any CPU
		{5D6781E1-FBCF-4A20-98C7-A23C7BF3DA22}.Debug|iPhoneSimulator.Build.0 = Debug|Any CPU
		{5D6781E1-FBCF-4A20-98C7-A23C7BF3DA22}.Debug|iPhoneSimulator.Deploy.0 = Debug|Any CPU
		{5D6781E1-FBCF-4A20-98C7-A23C7BF3DA22}.Debug|x64.ActiveCfg = Debug|Any CPU
		{5D6781E1-FBCF-4A20-98C7-A23C7BF3DA22}.Debug|x64.Build.0 = Debug|Any CPU
		{5D6781E1-FBCF-4A20-98C7-A23C7BF3DA22}.Debug|x64.Deploy.0 = Debug|Any CPU
		{5D6781E1-FBCF-4A20-98C7-A23C7BF3DA22}.Debug|x86.ActiveCfg = Debug|Any CPU
		{5D6781E1-FBCF-4A20-98C7-A23C7BF3DA22}.Debug|x86.Build.0 = Debug|Any CPU
		{5D6781E1-FBCF-4A20-98C7-A23C7BF3DA22}.Debug|x86.Deploy.0 = Debug|Any CPU
		{5D6781E1-FBCF-4A20-98C7-A23C7BF3DA22}.Release|Any CPU.ActiveCfg = Release|Any CPU
		{5D6781E1-FBCF-4A20-98C7-A23C7BF3DA22}.Release|Any CPU.Build.0 = Release|Any CPU
		{5D6781E1-FBCF-4A20-98C7-A23C7BF3DA22}.Release|Any CPU.Deploy.0 = Release|Any CPU
		{5D6781E1-FBCF-4A20-98C7-A23C7BF3DA22}.Release|ARM.ActiveCfg = Release|Any CPU
		{5D6781E1-FBCF-4A20-98C7-A23C7BF3DA22}.Release|ARM.Build.0 = Release|Any CPU
		{5D6781E1-FBCF-4A20-98C7-A23C7BF3DA22}.Release|ARM.Deploy.0 = Release|Any CPU
		{5D6781E1-FBCF-4A20-98C7-A23C7BF3DA22}.Release|iPhone.ActiveCfg = Release|Any CPU
		{5D6781E1-FBCF-4A20-98C7-A23C7BF3DA22}.Release|iPhone.Build.0 = Release|Any CPU
		{5D6781E1-FBCF-4A20-98C7-A23C7BF3DA22}.Release|iPhone.Deploy.0 = Release|Any CPU
		{5D6781E1-FBCF-4A20-98C7-A23C7BF3DA22}.Release|iPhoneSimulator.ActiveCfg = Release|Any CPU
		{5D6781E1-FBCF-4A20-98C7-A23C7BF3DA22}.Release|iPhoneSimulator.Build.0 = Release|Any CPU
		{5D6781E1-FBCF-4A20-98C7-A23C7BF3DA22}.Release|iPhoneSimulator.Deploy.0 = Release|Any CPU
		{5D6781E1-FBCF-4A20-98C7-A23C7BF3DA22}.Release|x64.ActiveCfg = Release|Any CPU
		{5D6781E1-FBCF-4A20-98C7-A23C7BF3DA22}.Release|x64.Build.0 = Release|Any CPU
		{5D6781E1-FBCF-4A20-98C7-A23C7BF3DA22}.Release|x64.Deploy.0 = Release|Any CPU
		{5D6781E1-FBCF-4A20-98C7-A23C7BF3DA22}.Release|x86.ActiveCfg = Release|Any CPU
		{5D6781E1-FBCF-4A20-98C7-A23C7BF3DA22}.Release|x86.Build.0 = Release|Any CPU
		{5D6781E1-FBCF-4A20-98C7-A23C7BF3DA22}.Release|x86.Deploy.0 = Release|Any CPU
		{1BCCFDA9-3671-4A12-A6B8-4829F5785D2F}.Debug|Any CPU.ActiveCfg = Debug|iPhoneSimulator
		{1BCCFDA9-3671-4A12-A6B8-4829F5785D2F}.Debug|Any CPU.Build.0 = Debug|iPhoneSimulator
		{1BCCFDA9-3671-4A12-A6B8-4829F5785D2F}.Debug|Any CPU.Deploy.0 = Debug|iPhoneSimulator
		{1BCCFDA9-3671-4A12-A6B8-4829F5785D2F}.Debug|ARM.ActiveCfg = Debug|iPhone
		{1BCCFDA9-3671-4A12-A6B8-4829F5785D2F}.Debug|ARM.Build.0 = Debug|iPhone
		{1BCCFDA9-3671-4A12-A6B8-4829F5785D2F}.Debug|ARM.Deploy.0 = Debug|iPhone
		{1BCCFDA9-3671-4A12-A6B8-4829F5785D2F}.Debug|iPhone.ActiveCfg = Debug|iPhone
		{1BCCFDA9-3671-4A12-A6B8-4829F5785D2F}.Debug|iPhone.Build.0 = Debug|iPhone
		{1BCCFDA9-3671-4A12-A6B8-4829F5785D2F}.Debug|iPhone.Deploy.0 = Debug|iPhone
		{1BCCFDA9-3671-4A12-A6B8-4829F5785D2F}.Debug|iPhoneSimulator.ActiveCfg = Debug|iPhoneSimulator
		{1BCCFDA9-3671-4A12-A6B8-4829F5785D2F}.Debug|iPhoneSimulator.Build.0 = Debug|iPhoneSimulator
		{1BCCFDA9-3671-4A12-A6B8-4829F5785D2F}.Debug|iPhoneSimulator.Deploy.0 = Debug|iPhoneSimulator
		{1BCCFDA9-3671-4A12-A6B8-4829F5785D2F}.Debug|x64.ActiveCfg = Debug|iPhoneSimulator
		{1BCCFDA9-3671-4A12-A6B8-4829F5785D2F}.Debug|x64.Build.0 = Debug|iPhoneSimulator
		{1BCCFDA9-3671-4A12-A6B8-4829F5785D2F}.Debug|x64.Deploy.0 = Debug|iPhoneSimulator
		{1BCCFDA9-3671-4A12-A6B8-4829F5785D2F}.Debug|x86.ActiveCfg = Debug|iPhoneSimulator
		{1BCCFDA9-3671-4A12-A6B8-4829F5785D2F}.Debug|x86.Build.0 = Debug|iPhoneSimulator
		{1BCCFDA9-3671-4A12-A6B8-4829F5785D2F}.Debug|x86.Deploy.0 = Debug|iPhoneSimulator
		{1BCCFDA9-3671-4A12-A6B8-4829F5785D2F}.Release|Any CPU.ActiveCfg = Release|iPhoneSimulator
		{1BCCFDA9-3671-4A12-A6B8-4829F5785D2F}.Release|Any CPU.Build.0 = Release|iPhoneSimulator
		{1BCCFDA9-3671-4A12-A6B8-4829F5785D2F}.Release|Any CPU.Deploy.0 = Release|iPhoneSimulator
		{1BCCFDA9-3671-4A12-A6B8-4829F5785D2F}.Release|ARM.ActiveCfg = Release|iPhoneSimulator
		{1BCCFDA9-3671-4A12-A6B8-4829F5785D2F}.Release|ARM.Build.0 = Release|iPhoneSimulator
		{1BCCFDA9-3671-4A12-A6B8-4829F5785D2F}.Release|ARM.Deploy.0 = Release|iPhoneSimulator
		{1BCCFDA9-3671-4A12-A6B8-4829F5785D2F}.Release|iPhone.ActiveCfg = Release|iPhone
		{1BCCFDA9-3671-4A12-A6B8-4829F5785D2F}.Release|iPhone.Build.0 = Release|iPhone
		{1BCCFDA9-3671-4A12-A6B8-4829F5785D2F}.Release|iPhone.Deploy.0 = Release|iPhone
		{1BCCFDA9-3671-4A12-A6B8-4829F5785D2F}.Release|iPhoneSimulator.ActiveCfg = Release|iPhoneSimulator
		{1BCCFDA9-3671-4A12-A6B8-4829F5785D2F}.Release|iPhoneSimulator.Build.0 = Release|iPhoneSimulator
		{1BCCFDA9-3671-4A12-A6B8-4829F5785D2F}.Release|iPhoneSimulator.Deploy.0 = Release|iPhoneSimulator
		{1BCCFDA9-3671-4A12-A6B8-4829F5785D2F}.Release|x64.ActiveCfg = Release|iPhoneSimulator
		{1BCCFDA9-3671-4A12-A6B8-4829F5785D2F}.Release|x64.Build.0 = Release|iPhoneSimulator
		{1BCCFDA9-3671-4A12-A6B8-4829F5785D2F}.Release|x64.Deploy.0 = Release|iPhoneSimulator
		{1BCCFDA9-3671-4A12-A6B8-4829F5785D2F}.Release|x86.ActiveCfg = Release|iPhoneSimulator
		{1BCCFDA9-3671-4A12-A6B8-4829F5785D2F}.Release|x86.Build.0 = Release|iPhoneSimulator
		{1BCCFDA9-3671-4A12-A6B8-4829F5785D2F}.Release|x86.Deploy.0 = Release|iPhoneSimulator
		{38F05FA5-6933-4999-B3FA-ADC11E1BF95D}.Debug|Any CPU.ActiveCfg = Debug|Any CPU
		{38F05FA5-6933-4999-B3FA-ADC11E1BF95D}.Debug|Any CPU.Build.0 = Debug|Any CPU
		{38F05FA5-6933-4999-B3FA-ADC11E1BF95D}.Debug|Any CPU.Deploy.0 = Debug|Any CPU
		{38F05FA5-6933-4999-B3FA-ADC11E1BF95D}.Debug|ARM.ActiveCfg = Debug|Any CPU
		{38F05FA5-6933-4999-B3FA-ADC11E1BF95D}.Debug|ARM.Build.0 = Debug|Any CPU
		{38F05FA5-6933-4999-B3FA-ADC11E1BF95D}.Debug|ARM.Deploy.0 = Debug|Any CPU
		{38F05FA5-6933-4999-B3FA-ADC11E1BF95D}.Debug|iPhone.ActiveCfg = Debug|Any CPU
		{38F05FA5-6933-4999-B3FA-ADC11E1BF95D}.Debug|iPhone.Build.0 = Debug|Any CPU
		{38F05FA5-6933-4999-B3FA-ADC11E1BF95D}.Debug|iPhone.Deploy.0 = Debug|Any CPU
		{38F05FA5-6933-4999-B3FA-ADC11E1BF95D}.Debug|iPhoneSimulator.ActiveCfg = Debug|Any CPU
		{38F05FA5-6933-4999-B3FA-ADC11E1BF95D}.Debug|iPhoneSimulator.Build.0 = Debug|Any CPU
		{38F05FA5-6933-4999-B3FA-ADC11E1BF95D}.Debug|iPhoneSimulator.Deploy.0 = Debug|Any CPU
		{38F05FA5-6933-4999-B3FA-ADC11E1BF95D}.Debug|x64.ActiveCfg = Debug|Any CPU
		{38F05FA5-6933-4999-B3FA-ADC11E1BF95D}.Debug|x64.Build.0 = Debug|Any CPU
		{38F05FA5-6933-4999-B3FA-ADC11E1BF95D}.Debug|x64.Deploy.0 = Debug|Any CPU
		{38F05FA5-6933-4999-B3FA-ADC11E1BF95D}.Debug|x86.ActiveCfg = Debug|Any CPU
		{38F05FA5-6933-4999-B3FA-ADC11E1BF95D}.Debug|x86.Build.0 = Debug|Any CPU
		{38F05FA5-6933-4999-B3FA-ADC11E1BF95D}.Debug|x86.Deploy.0 = Debug|Any CPU
		{38F05FA5-6933-4999-B3FA-ADC11E1BF95D}.Release|Any CPU.ActiveCfg = Release|Any CPU
		{38F05FA5-6933-4999-B3FA-ADC11E1BF95D}.Release|Any CPU.Build.0 = Release|Any CPU
		{38F05FA5-6933-4999-B3FA-ADC11E1BF95D}.Release|Any CPU.Deploy.0 = Release|Any CPU
		{38F05FA5-6933-4999-B3FA-ADC11E1BF95D}.Release|ARM.ActiveCfg = Release|Any CPU
		{38F05FA5-6933-4999-B3FA-ADC11E1BF95D}.Release|ARM.Build.0 = Release|Any CPU
		{38F05FA5-6933-4999-B3FA-ADC11E1BF95D}.Release|ARM.Deploy.0 = Release|Any CPU
		{38F05FA5-6933-4999-B3FA-ADC11E1BF95D}.Release|iPhone.ActiveCfg = Release|Any CPU
		{38F05FA5-6933-4999-B3FA-ADC11E1BF95D}.Release|iPhone.Build.0 = Release|Any CPU
		{38F05FA5-6933-4999-B3FA-ADC11E1BF95D}.Release|iPhone.Deploy.0 = Release|Any CPU
		{38F05FA5-6933-4999-B3FA-ADC11E1BF95D}.Release|iPhoneSimulator.ActiveCfg = Release|Any CPU
		{38F05FA5-6933-4999-B3FA-ADC11E1BF95D}.Release|iPhoneSimulator.Build.0 = Release|Any CPU
		{38F05FA5-6933-4999-B3FA-ADC11E1BF95D}.Release|iPhoneSimulator.Deploy.0 = Release|Any CPU
		{38F05FA5-6933-4999-B3FA-ADC11E1BF95D}.Release|x64.ActiveCfg = Release|Any CPU
		{38F05FA5-6933-4999-B3FA-ADC11E1BF95D}.Release|x64.Build.0 = Release|Any CPU
		{38F05FA5-6933-4999-B3FA-ADC11E1BF95D}.Release|x64.Deploy.0 = Release|Any CPU
		{38F05FA5-6933-4999-B3FA-ADC11E1BF95D}.Release|x86.ActiveCfg = Release|Any CPU
		{38F05FA5-6933-4999-B3FA-ADC11E1BF95D}.Release|x86.Build.0 = Release|Any CPU
		{38F05FA5-6933-4999-B3FA-ADC11E1BF95D}.Release|x86.Deploy.0 = Release|Any CPU
	EndGlobalSection
	GlobalSection(SolutionProperties) = preSolution
		HideSolutionNode = FALSE
	EndGlobalSection
	GlobalSection(ExtensibilityGlobals) = postSolution
		SolutionGuid = {BEDA46E6-720E-4E43-9A4A-B7FFCDC6325D}
	EndGlobalSection
EndGlobal
